
Microsoft Visual Studio Solution File, Format Version 12.00
# Visual Studio Version 16
VisualStudioVersion = 16.0.30907.101
MinimumVisualStudioVersion = 10.0.40219.1
Project("{FAE04EC0-301F-11D3-BF4B-00C04F79EFBC}") = "final_project", "final_project\final_project.csproj", "{DD122ACB-DB62-4B2D-A130-6F6FEBBDFA1D}"
EndProject
Project("{FAE04EC0-301F-11D3-BF4B-00C04F79EFBC}") = "final_project.Tests", "final_project.Tests\final_project.Tests.csproj", "{27660DDF-834E-4BA4-B95D-95E025944ADD}"
EndProject
Global
	GlobalSection(SolutionConfigurationPlatforms) = preSolution
		Debug|Any CPU = Debug|Any CPU
		Release|Any CPU = Release|Any CPU
	EndGlobalSection
	GlobalSection(ProjectConfigurationPlatforms) = postSolution
		{088C59F6-F008-491D-8C26-C30D793712DF}.Debug|Any CPU.ActiveCfg = Debug|Any CPU
		{088C59F6-F008-491D-8C26-C30D793712DF}.Debug|Any CPU.Build.0 = Debug|Any CPU
		{088C59F6-F008-491D-8C26-C30D793712DF}.Release|Any CPU.ActiveCfg = Release|Any CPU
		{088C59F6-F008-491D-8C26-C30D793712DF}.Release|Any CPU.Build.0 = Release|Any CPU
		{AFD3C948-9FB4-4A09-8B4E-CBC3EE5E8243}.Debug|Any CPU.ActiveCfg = Debug|Any CPU
		{AFD3C948-9FB4-4A09-8B4E-CBC3EE5E8243}.Debug|Any CPU.Build.0 = Debug|Any CPU
		{AFD3C948-9FB4-4A09-8B4E-CBC3EE5E8243}.Release|Any CPU.ActiveCfg = Release|Any CPU
		{AFD3C948-9FB4-4A09-8B4E-CBC3EE5E8243}.Release|Any CPU.Build.0 = Release|Any CPU
		{DD122ACB-DB62-4B2D-A130-6F6FEBBDFA1D}.Debug|Any CPU.ActiveCfg = Debug|Any CPU
		{DD122ACB-DB62-4B2D-A130-6F6FEBBDFA1D}.Debug|Any CPU.Build.0 = Debug|Any CPU
		{DD122ACB-DB62-4B2D-A130-6F6FEBBDFA1D}.Release|Any CPU.ActiveCfg = Release|Any CPU
		{DD122ACB-DB62-4B2D-A130-6F6FEBBDFA1D}.Release|Any CPU.Build.0 = Release|Any CPU
		{27660DDF-834E-4BA4-B95D-95E025944ADD}.Debug|Any CPU.ActiveCfg = Debug|Any CPU
		{27660DDF-834E-4BA4-B95D-95E025944ADD}.Debug|Any CPU.Build.0 = Debug|Any CPU
		{27660DDF-834E-4BA4-B95D-95E025944ADD}.Release|Any CPU.ActiveCfg = Release|Any CPU
		{27660DDF-834E-4BA4-B95D-95E025944ADD}.Release|Any CPU.Build.0 = Release|Any CPU
	EndGlobalSection
	GlobalSection(SolutionProperties) = preSolution
		HideSolutionNode = FALSE
	EndGlobalSection
	GlobalSection(ExtensibilityGlobals) = postSolution
		SolutionGuid = {A08A494B-6D5D-4D59-8570-3623A7D33143}
	EndGlobalSection
EndGlobal
